// !$*UTF8*$!
{
	archiveVersion = 1;
	classes = {
	};
	objectVersion = 50;
	objects = {

/* Begin PBXBuildFile section */
		7A04F8C221C752EF000CA6CD /* YMKView.swift in Sources */ = {isa = PBXBuildFile; fileRef = 7A04F8C121C752EF000CA6CD /* YMKView.swift */; };
		7A04F8C421C753C4000CA6CD /* MapViewDelegate.swift in Sources */ = {isa = PBXBuildFile; fileRef = 7A04F8C321C753C4000CA6CD /* MapViewDelegate.swift */; };
		7A0CEFE921A14797003C2A32 /* Point.swift in Sources */ = {isa = PBXBuildFile; fileRef = 7A0CEFE821A14797003C2A32 /* Point.swift */; };
		7A23301321AB4032005BCFD7 /* NetworkAssembler.swift in Sources */ = {isa = PBXBuildFile; fileRef = 7A23301221AB4032005BCFD7 /* NetworkAssembler.swift */; };
		7A23301521AB4164005BCFD7 /* EnvironmentAssembler.swift in Sources */ = {isa = PBXBuildFile; fileRef = 7A23301421AB4164005BCFD7 /* EnvironmentAssembler.swift */; };
		7A23301821AB482B005BCFD7 /* RequestFactoryHelper.swift in Sources */ = {isa = PBXBuildFile; fileRef = 7A23301721AB482B005BCFD7 /* RequestFactoryHelper.swift */; };
		7A316A64219DDE4300EED2E7 /* AppDelegate.swift in Sources */ = {isa = PBXBuildFile; fileRef = 7A316A63219DDE4300EED2E7 /* AppDelegate.swift */; };
		7A316A6C219DDE4300EED2E7 /* Boxberry.xcdatamodeld in Sources */ = {isa = PBXBuildFile; fileRef = 7A316A6A219DDE4300EED2E7 /* Boxberry.xcdatamodeld */; };
		7A316A6E219DDE4500EED2E7 /* Assets.xcassets in Resources */ = {isa = PBXBuildFile; fileRef = 7A316A6D219DDE4500EED2E7 /* Assets.xcassets */; };
		7A316A71219DDE4500EED2E7 /* LaunchScreen.storyboard in Resources */ = {isa = PBXBuildFile; fileRef = 7A316A6F219DDE4500EED2E7 /* LaunchScreen.storyboard */; };
		7A316A7C219DDE4500EED2E7 /* BoxberryTests.swift in Sources */ = {isa = PBXBuildFile; fileRef = 7A316A7B219DDE4500EED2E7 /* BoxberryTests.swift */; };
		7A3430FC21A1AD4100362CB6 /* Points.storyboard in Resources */ = {isa = PBXBuildFile; fileRef = 7A3430FB21A1AD4100362CB6 /* Points.storyboard */; };
		7A3430FE21A1B0C700362CB6 /* PointsViewController.swift in Sources */ = {isa = PBXBuildFile; fileRef = 7A3430FD21A1B0C700362CB6 /* PointsViewController.swift */; };
		7A34310021A1B23800362CB6 /* PointsViewPresenter.swift in Sources */ = {isa = PBXBuildFile; fileRef = 7A3430FF21A1B23800362CB6 /* PointsViewPresenter.swift */; };
		7A34310221A1B49000362CB6 /* ViewInput.swift in Sources */ = {isa = PBXBuildFile; fileRef = 7A34310121A1B49000362CB6 /* ViewInput.swift */; };
		7A34311321A26FA100362CB6 /* Extensions.swift in Sources */ = {isa = PBXBuildFile; fileRef = 7A34310421A26FA000362CB6 /* Extensions.swift */; };
		7A34311421A26FA100362CB6 /* Key.swift in Sources */ = {isa = PBXBuildFile; fileRef = 7A34310521A26FA000362CB6 /* Key.swift */; };
		7A34311721A26FA100362CB6 /* ResponseCodable.swift in Sources */ = {isa = PBXBuildFile; fileRef = 7A34310921A26FA000362CB6 /* ResponseCodable.swift */; };
		7A34311821A26FA100362CB6 /* AbstractErrorParser.swift in Sources */ = {isa = PBXBuildFile; fileRef = 7A34310A21A26FA000362CB6 /* AbstractErrorParser.swift */; };
		7A34311921A26FA100362CB6 /* ErrorParser.swift in Sources */ = {isa = PBXBuildFile; fileRef = 7A34310B21A26FA000362CB6 /* ErrorParser.swift */; };
		7A34311A21A26FA100362CB6 /* RequestRouter.swift in Sources */ = {isa = PBXBuildFile; fileRef = 7A34310C21A26FA000362CB6 /* RequestRouter.swift */; };
		7A34311B21A26FA100362CB6 /* AbstractRequestManager.swift in Sources */ = {isa = PBXBuildFile; fileRef = 7A34310D21A26FA000362CB6 /* AbstractRequestManager.swift */; };
		7A34311C21A26FA100362CB6 /* UIScrollViewController.swift in Sources */ = {isa = PBXBuildFile; fileRef = 7A34310F21A26FA000362CB6 /* UIScrollViewController.swift */; };
		7A34311D21A26FA100362CB6 /* UIBaseViewController.swift in Sources */ = {isa = PBXBuildFile; fileRef = 7A34311021A26FA000362CB6 /* UIBaseViewController.swift */; };
		7A34311E21A26FA100362CB6 /* ReactiveOperators.swift in Sources */ = {isa = PBXBuildFile; fileRef = 7A34311121A26FA000362CB6 /* ReactiveOperators.swift */; };
		7A36100921A4697D00909FA4 /* AbstractModuleBuilder.swift in Sources */ = {isa = PBXBuildFile; fileRef = 7A36100821A4697D00909FA4 /* AbstractModuleBuilder.swift */; };
		7A36100C21A46A1000909FA4 /* PointsAssembler.swift in Sources */ = {isa = PBXBuildFile; fileRef = 7A36100B21A46A1000909FA4 /* PointsAssembler.swift */; };
		7A36100E21A4727C00909FA4 /* PointsViewBuilder.swift in Sources */ = {isa = PBXBuildFile; fileRef = 7A36100D21A4727C00909FA4 /* PointsViewBuilder.swift */; };
		7A5CE36521B82EC1007B2E55 /* UIExtensions.swift in Sources */ = {isa = PBXBuildFile; fileRef = 7A5CE36421B82EC1007B2E55 /* UIExtensions.swift */; };
		7A5CE36721B837FD007B2E55 /* ViewPoint.swift in Sources */ = {isa = PBXBuildFile; fileRef = 7A5CE36621B837FD007B2E55 /* ViewPoint.swift */; };
		7A5E364721A8A740009249E0 /* PointRequestProtocol.swift in Sources */ = {isa = PBXBuildFile; fileRef = 7A5E364621A8A740009249E0 /* PointRequestProtocol.swift */; };
		7A5E364921A8AB73009249E0 /* PointRequestManager.swift in Sources */ = {isa = PBXBuildFile; fileRef = 7A5E364821A8AB73009249E0 /* PointRequestManager.swift */; };
		7A5E364B21A8AC0A009249E0 /* RequestManager.swift in Sources */ = {isa = PBXBuildFile; fileRef = 7A5E364A21A8AC0A009249E0 /* RequestManager.swift */; };
		7A7B486321AB1DFD00772370 /* RequestFactory.swift in Sources */ = {isa = PBXBuildFile; fileRef = 7A7B486221AB1DFD00772370 /* RequestFactory.swift */; };
		7AB88B9021AD8171002A9EA4 /* CityRequestProtocol.swift in Sources */ = {isa = PBXBuildFile; fileRef = 7AB88B8F21AD8171002A9EA4 /* CityRequestProtocol.swift */; };
		7AB88B9221AD8200002A9EA4 /* City.swift in Sources */ = {isa = PBXBuildFile; fileRef = 7AB88B9121AD8200002A9EA4 /* City.swift */; };
		7AB88B9421AD8384002A9EA4 /* CityRequestManager.swift in Sources */ = {isa = PBXBuildFile; fileRef = 7AB88B9321AD8384002A9EA4 /* CityRequestManager.swift */; };
		7AC8FEB721A3C7F7004C48ED /* Location.swift in Sources */ = {isa = PBXBuildFile; fileRef = 7AC8FEB621A3C7F7004C48ED /* Location.swift */; };
		7AC8FEB921A3C80F004C48ED /* LocationService.swift in Sources */ = {isa = PBXBuildFile; fileRef = 7AC8FEB821A3C80F004C48ED /* LocationService.swift */; };
		7ADB6D9621BE4EC0006405DA /* Pods_Boxberry.framework in Frameworks */ = {isa = PBXBuildFile; fileRef = 710586EBABBC2011706899A9 /* Pods_Boxberry.framework */; };
		7AEF8FCC21D29365004359F3 /* AbstractCoordinator.swift in Sources */ = {isa = PBXBuildFile; fileRef = 7AEF8FCB21D29365004359F3 /* AbstractCoordinator.swift */; };
		7AEF8FCE21D2998E004359F3 /* AppCoordinator.swift in Sources */ = {isa = PBXBuildFile; fileRef = 7AEF8FCD21D2998E004359F3 /* AppCoordinator.swift */; };
		7AEF8FD021D29A40004359F3 /* MainCoordinator.swift in Sources */ = {isa = PBXBuildFile; fileRef = 7AEF8FCF21D29A40004359F3 /* MainCoordinator.swift */; };
		7AEF8FD221D29BEA004359F3 /* UIStoryboard.swift in Sources */ = {isa = PBXBuildFile; fileRef = 7AEF8FD121D29BEA004359F3 /* UIStoryboard.swift */; };
		7AF12BFC21B2E68C006EE048 /* GeoCoder.swift in Sources */ = {isa = PBXBuildFile; fileRef = 7AF12BFB21B2E68C006EE048 /* GeoCoder.swift */; };
		7AF12BFE21B2E697006EE048 /* GeoCodable.swift in Sources */ = {isa = PBXBuildFile; fileRef = 7AF12BFD21B2E697006EE048 /* GeoCodable.swift */; };
		7AF12C0021B2E6EA006EE048 /* LocationCoordinateDto.swift in Sources */ = {isa = PBXBuildFile; fileRef = 7AF12BFF21B2E6EA006EE048 /* LocationCoordinateDto.swift */; };
		7AF12C0321B2E9AA006EE048 /* LocationCoordinate.swift in Sources */ = {isa = PBXBuildFile; fileRef = 7AF12C0221B2E9AA006EE048 /* LocationCoordinate.swift */; };
		7AF12C0721B2F5A1006EE048 /* Mappable.swift in Sources */ = {isa = PBXBuildFile; fileRef = 7AF12C0621B2F5A1006EE048 /* Mappable.swift */; };
		7AF12C0A21B2F5DB006EE048 /* MappableExtensions.swift in Sources */ = {isa = PBXBuildFile; fileRef = 7AF12C0921B2F5DB006EE048 /* MappableExtensions.swift */; };
		7AF12C1221B54609006EE048 /* AbstractRequestParameter.swift in Sources */ = {isa = PBXBuildFile; fileRef = 7AF12C1121B54609006EE048 /* AbstractRequestParameter.swift */; };
		7AFB799721AB392200E48085 /* AppConfig.swift in Sources */ = {isa = PBXBuildFile; fileRef = 7AFB799621AB392200E48085 /* AppConfig.swift */; };
		AB723DB2C7DEDC2750374C67 /* Pods_BoxberryTests.framework in Frameworks */ = {isa = PBXBuildFile; fileRef = 79BA988A438AE092CF052180 /* Pods_BoxberryTests.framework */; };
/* End PBXBuildFile section */

/* Begin PBXContainerItemProxy section */
		7A316A78219DDE4500EED2E7 /* PBXContainerItemProxy */ = {
			isa = PBXContainerItemProxy;
			containerPortal = 7A316A58219DDE4300EED2E7 /* Project object */;
			proxyType = 1;
			remoteGlobalIDString = 7A316A5F219DDE4300EED2E7;
			remoteInfo = Boxberry;
		};
/* End PBXContainerItemProxy section */

/* Begin PBXFileReference section */
		710586EBABBC2011706899A9 /* Pods_Boxberry.framework */ = {isa = PBXFileReference; explicitFileType = wrapper.framework; includeInIndex = 0; path = Pods_Boxberry.framework; sourceTree = BUILT_PRODUCTS_DIR; };
		75C8E550A28ED86192D3CC37 /* Pods-Boxberry.debug.xcconfig */ = {isa = PBXFileReference; includeInIndex = 1; lastKnownFileType = text.xcconfig; name = "Pods-Boxberry.debug.xcconfig"; path = "Pods/Target Support Files/Pods-Boxberry/Pods-Boxberry.debug.xcconfig"; sourceTree = "<group>"; };
		79BA988A438AE092CF052180 /* Pods_BoxberryTests.framework */ = {isa = PBXFileReference; explicitFileType = wrapper.framework; includeInIndex = 0; path = Pods_BoxberryTests.framework; sourceTree = BUILT_PRODUCTS_DIR; };
		7A04F8C121C752EF000CA6CD /* YMKView.swift */ = {isa = PBXFileReference; lastKnownFileType = sourcecode.swift; path = YMKView.swift; sourceTree = "<group>"; };
		7A04F8C321C753C4000CA6CD /* MapViewDelegate.swift */ = {isa = PBXFileReference; lastKnownFileType = sourcecode.swift; path = MapViewDelegate.swift; sourceTree = "<group>"; };
		7A0CEFE821A14797003C2A32 /* Point.swift */ = {isa = PBXFileReference; lastKnownFileType = sourcecode.swift; path = Point.swift; sourceTree = "<group>"; };
		7A23301221AB4032005BCFD7 /* NetworkAssembler.swift */ = {isa = PBXFileReference; lastKnownFileType = sourcecode.swift; path = NetworkAssembler.swift; sourceTree = "<group>"; };
		7A23301421AB4164005BCFD7 /* EnvironmentAssembler.swift */ = {isa = PBXFileReference; lastKnownFileType = sourcecode.swift; path = EnvironmentAssembler.swift; sourceTree = "<group>"; };
		7A23301721AB482B005BCFD7 /* RequestFactoryHelper.swift */ = {isa = PBXFileReference; lastKnownFileType = sourcecode.swift; path = RequestFactoryHelper.swift; sourceTree = "<group>"; };
		7A316A60219DDE4300EED2E7 /* Boxberry.app */ = {isa = PBXFileReference; explicitFileType = wrapper.application; includeInIndex = 0; path = Boxberry.app; sourceTree = BUILT_PRODUCTS_DIR; };
		7A316A63219DDE4300EED2E7 /* AppDelegate.swift */ = {isa = PBXFileReference; lastKnownFileType = sourcecode.swift; path = AppDelegate.swift; sourceTree = "<group>"; };
		7A316A6B219DDE4300EED2E7 /* Boxberry.xcdatamodel */ = {isa = PBXFileReference; lastKnownFileType = wrapper.xcdatamodel; path = Boxberry.xcdatamodel; sourceTree = "<group>"; };
		7A316A6D219DDE4500EED2E7 /* Assets.xcassets */ = {isa = PBXFileReference; lastKnownFileType = folder.assetcatalog; path = Assets.xcassets; sourceTree = "<group>"; };
		7A316A70219DDE4500EED2E7 /* Base */ = {isa = PBXFileReference; lastKnownFileType = file.storyboard; name = Base; path = Base.lproj/LaunchScreen.storyboard; sourceTree = "<group>"; };
		7A316A72219DDE4500EED2E7 /* Info.plist */ = {isa = PBXFileReference; lastKnownFileType = text.plist.xml; path = Info.plist; sourceTree = "<group>"; };
		7A316A77219DDE4500EED2E7 /* BoxberryTests.xctest */ = {isa = PBXFileReference; explicitFileType = wrapper.cfbundle; includeInIndex = 0; path = BoxberryTests.xctest; sourceTree = BUILT_PRODUCTS_DIR; };
		7A316A7B219DDE4500EED2E7 /* BoxberryTests.swift */ = {isa = PBXFileReference; lastKnownFileType = sourcecode.swift; path = BoxberryTests.swift; sourceTree = "<group>"; };
		7A316A7D219DDE4500EED2E7 /* Info.plist */ = {isa = PBXFileReference; lastKnownFileType = text.plist.xml; path = Info.plist; sourceTree = "<group>"; };
		7A3430FB21A1AD4100362CB6 /* Points.storyboard */ = {isa = PBXFileReference; lastKnownFileType = file.storyboard; path = Points.storyboard; sourceTree = "<group>"; };
		7A3430FD21A1B0C700362CB6 /* PointsViewController.swift */ = {isa = PBXFileReference; lastKnownFileType = sourcecode.swift; path = PointsViewController.swift; sourceTree = "<group>"; };
		7A3430FF21A1B23800362CB6 /* PointsViewPresenter.swift */ = {isa = PBXFileReference; lastKnownFileType = sourcecode.swift; path = PointsViewPresenter.swift; sourceTree = "<group>"; };
		7A34310121A1B49000362CB6 /* ViewInput.swift */ = {isa = PBXFileReference; lastKnownFileType = sourcecode.swift; path = ViewInput.swift; sourceTree = "<group>"; };
		7A34310421A26FA000362CB6 /* Extensions.swift */ = {isa = PBXFileReference; fileEncoding = 4; lastKnownFileType = sourcecode.swift; path = Extensions.swift; sourceTree = "<group>"; };
		7A34310521A26FA000362CB6 /* Key.swift */ = {isa = PBXFileReference; fileEncoding = 4; lastKnownFileType = sourcecode.swift; path = Key.swift; sourceTree = "<group>"; };
		7A34310921A26FA000362CB6 /* ResponseCodable.swift */ = {isa = PBXFileReference; fileEncoding = 4; lastKnownFileType = sourcecode.swift; path = ResponseCodable.swift; sourceTree = "<group>"; };
		7A34310A21A26FA000362CB6 /* AbstractErrorParser.swift */ = {isa = PBXFileReference; fileEncoding = 4; lastKnownFileType = sourcecode.swift; path = AbstractErrorParser.swift; sourceTree = "<group>"; };
		7A34310B21A26FA000362CB6 /* ErrorParser.swift */ = {isa = PBXFileReference; fileEncoding = 4; lastKnownFileType = sourcecode.swift; path = ErrorParser.swift; sourceTree = "<group>"; };
		7A34310C21A26FA000362CB6 /* RequestRouter.swift */ = {isa = PBXFileReference; fileEncoding = 4; lastKnownFileType = sourcecode.swift; path = RequestRouter.swift; sourceTree = "<group>"; };
		7A34310D21A26FA000362CB6 /* AbstractRequestManager.swift */ = {isa = PBXFileReference; fileEncoding = 4; lastKnownFileType = sourcecode.swift; path = AbstractRequestManager.swift; sourceTree = "<group>"; };
		7A34310F21A26FA000362CB6 /* UIScrollViewController.swift */ = {isa = PBXFileReference; fileEncoding = 4; lastKnownFileType = sourcecode.swift; path = UIScrollViewController.swift; sourceTree = "<group>"; };
		7A34311021A26FA000362CB6 /* UIBaseViewController.swift */ = {isa = PBXFileReference; fileEncoding = 4; lastKnownFileType = sourcecode.swift; path = UIBaseViewController.swift; sourceTree = "<group>"; };
		7A34311121A26FA000362CB6 /* ReactiveOperators.swift */ = {isa = PBXFileReference; fileEncoding = 4; lastKnownFileType = sourcecode.swift; path = ReactiveOperators.swift; sourceTree = "<group>"; };
		7A36100821A4697D00909FA4 /* AbstractModuleBuilder.swift */ = {isa = PBXFileReference; fileEncoding = 4; lastKnownFileType = sourcecode.swift; path = AbstractModuleBuilder.swift; sourceTree = "<group>"; };
		7A36100B21A46A1000909FA4 /* PointsAssembler.swift */ = {isa = PBXFileReference; lastKnownFileType = sourcecode.swift; path = PointsAssembler.swift; sourceTree = "<group>"; };
		7A36100D21A4727C00909FA4 /* PointsViewBuilder.swift */ = {isa = PBXFileReference; lastKnownFileType = sourcecode.swift; path = PointsViewBuilder.swift; sourceTree = "<group>"; };
		7A5CE36421B82EC1007B2E55 /* UIExtensions.swift */ = {isa = PBXFileReference; lastKnownFileType = sourcecode.swift; path = UIExtensions.swift; sourceTree = "<group>"; };
		7A5CE36621B837FD007B2E55 /* ViewPoint.swift */ = {isa = PBXFileReference; lastKnownFileType = sourcecode.swift; path = ViewPoint.swift; sourceTree = "<group>"; };
		7A5E364621A8A740009249E0 /* PointRequestProtocol.swift */ = {isa = PBXFileReference; lastKnownFileType = sourcecode.swift; path = PointRequestProtocol.swift; sourceTree = "<group>"; };
		7A5E364821A8AB73009249E0 /* PointRequestManager.swift */ = {isa = PBXFileReference; lastKnownFileType = sourcecode.swift; path = PointRequestManager.swift; sourceTree = "<group>"; };
		7A5E364A21A8AC0A009249E0 /* RequestManager.swift */ = {isa = PBXFileReference; lastKnownFileType = sourcecode.swift; path = RequestManager.swift; sourceTree = "<group>"; };
		7A7B486221AB1DFD00772370 /* RequestFactory.swift */ = {isa = PBXFileReference; lastKnownFileType = sourcecode.swift; path = RequestFactory.swift; sourceTree = "<group>"; };
		7AA0F4F521B2E46A00DD389C /* current-location.gpx */ = {isa = PBXFileReference; lastKnownFileType = text.xml; name = "current-location.gpx"; path = "/Users/evgeniy/Documents/Programming/Boxberry/Boxberry/Resources/current-location.gpx"; sourceTree = "<absolute>"; };
		7AB88B8F21AD8171002A9EA4 /* CityRequestProtocol.swift */ = {isa = PBXFileReference; lastKnownFileType = sourcecode.swift; path = CityRequestProtocol.swift; sourceTree = "<group>"; };
		7AB88B9121AD8200002A9EA4 /* City.swift */ = {isa = PBXFileReference; lastKnownFileType = sourcecode.swift; path = City.swift; sourceTree = "<group>"; };
		7AB88B9321AD8384002A9EA4 /* CityRequestManager.swift */ = {isa = PBXFileReference; lastKnownFileType = sourcecode.swift; path = CityRequestManager.swift; sourceTree = "<group>"; };
		7AC8FEB621A3C7F7004C48ED /* Location.swift */ = {isa = PBXFileReference; lastKnownFileType = sourcecode.swift; path = Location.swift; sourceTree = "<group>"; };
		7AC8FEB821A3C80F004C48ED /* LocationService.swift */ = {isa = PBXFileReference; lastKnownFileType = sourcecode.swift; path = LocationService.swift; sourceTree = "<group>"; };
		7AEF8FCB21D29365004359F3 /* AbstractCoordinator.swift */ = {isa = PBXFileReference; lastKnownFileType = sourcecode.swift; path = AbstractCoordinator.swift; sourceTree = "<group>"; };
		7AEF8FCD21D2998E004359F3 /* AppCoordinator.swift */ = {isa = PBXFileReference; lastKnownFileType = sourcecode.swift; path = AppCoordinator.swift; sourceTree = "<group>"; };
		7AEF8FCF21D29A40004359F3 /* MainCoordinator.swift */ = {isa = PBXFileReference; lastKnownFileType = sourcecode.swift; path = MainCoordinator.swift; sourceTree = "<group>"; };
		7AEF8FD121D29BEA004359F3 /* UIStoryboard.swift */ = {isa = PBXFileReference; lastKnownFileType = sourcecode.swift; path = UIStoryboard.swift; sourceTree = "<group>"; };
		7AF12BFB21B2E68C006EE048 /* GeoCoder.swift */ = {isa = PBXFileReference; lastKnownFileType = sourcecode.swift; path = GeoCoder.swift; sourceTree = "<group>"; };
		7AF12BFD21B2E697006EE048 /* GeoCodable.swift */ = {isa = PBXFileReference; lastKnownFileType = sourcecode.swift; path = GeoCodable.swift; sourceTree = "<group>"; };
		7AF12BFF21B2E6EA006EE048 /* LocationCoordinateDto.swift */ = {isa = PBXFileReference; lastKnownFileType = sourcecode.swift; path = LocationCoordinateDto.swift; sourceTree = "<group>"; };
		7AF12C0221B2E9AA006EE048 /* LocationCoordinate.swift */ = {isa = PBXFileReference; lastKnownFileType = sourcecode.swift; path = LocationCoordinate.swift; sourceTree = "<group>"; };
		7AF12C0621B2F5A1006EE048 /* Mappable.swift */ = {isa = PBXFileReference; lastKnownFileType = sourcecode.swift; path = Mappable.swift; sourceTree = "<group>"; };
		7AF12C0921B2F5DB006EE048 /* MappableExtensions.swift */ = {isa = PBXFileReference; lastKnownFileType = sourcecode.swift; path = MappableExtensions.swift; sourceTree = "<group>"; };
		7AF12C1121B54609006EE048 /* AbstractRequestParameter.swift */ = {isa = PBXFileReference; lastKnownFileType = sourcecode.swift; path = AbstractRequestParameter.swift; sourceTree = "<group>"; };
		7AFB799621AB392200E48085 /* AppConfig.swift */ = {isa = PBXFileReference; lastKnownFileType = sourcecode.swift; path = AppConfig.swift; sourceTree = "<group>"; };
		7E1CCA57F6AC8DB520570953 /* Pods-BoxberryTests.debug.xcconfig */ = {isa = PBXFileReference; includeInIndex = 1; lastKnownFileType = text.xcconfig; name = "Pods-BoxberryTests.debug.xcconfig"; path = "Pods/Target Support Files/Pods-BoxberryTests/Pods-BoxberryTests.debug.xcconfig"; sourceTree = "<group>"; };
		84968CD9E8E35DB524BCDD78 /* Pods-Boxberry.release.xcconfig */ = {isa = PBXFileReference; includeInIndex = 1; lastKnownFileType = text.xcconfig; name = "Pods-Boxberry.release.xcconfig"; path = "Pods/Target Support Files/Pods-Boxberry/Pods-Boxberry.release.xcconfig"; sourceTree = "<group>"; };
		983D1FBD6C3FC2C02D6AE8A5 /* Pods-BoxberryTests.release.xcconfig */ = {isa = PBXFileReference; includeInIndex = 1; lastKnownFileType = text.xcconfig; name = "Pods-BoxberryTests.release.xcconfig"; path = "Pods/Target Support Files/Pods-BoxberryTests/Pods-BoxberryTests.release.xcconfig"; sourceTree = "<group>"; };
/* End PBXFileReference section */

/* Begin PBXFrameworksBuildPhase section */
		7A316A5D219DDE4300EED2E7 /* Frameworks */ = {
			isa = PBXFrameworksBuildPhase;
			buildActionMask = 2147483647;
			files = (
				7ADB6D9621BE4EC0006405DA /* Pods_Boxberry.framework in Frameworks */,
			);
			runOnlyForDeploymentPostprocessing = 0;
		};
		7A316A74219DDE4500EED2E7 /* Frameworks */ = {
			isa = PBXFrameworksBuildPhase;
			buildActionMask = 2147483647;
			files = (
				AB723DB2C7DEDC2750374C67 /* Pods_BoxberryTests.framework in Frameworks */,
			);
			runOnlyForDeploymentPostprocessing = 0;
		};
/* End PBXFrameworksBuildPhase section */

/* Begin PBXGroup section */
		7199B8770AAC52439B1B6058 /* Pods */ = {
			isa = PBXGroup;
			children = (
				75C8E550A28ED86192D3CC37 /* Pods-Boxberry.debug.xcconfig */,
				84968CD9E8E35DB524BCDD78 /* Pods-Boxberry.release.xcconfig */,
				7E1CCA57F6AC8DB520570953 /* Pods-BoxberryTests.debug.xcconfig */,
				983D1FBD6C3FC2C02D6AE8A5 /* Pods-BoxberryTests.release.xcconfig */,
			);
			name = Pods;
			sourceTree = "<group>";
		};
		7A0CEFE721A146CC003C2A32 /* Entities */ = {
			isa = PBXGroup;
			children = (
				7A5CE36621B837FD007B2E55 /* ViewPoint.swift */,
			);
			path = Entities;
			sourceTree = "<group>";
		};
		7A1192E421BE63A4007460E4 /* Map */ = {
			isa = PBXGroup;
			children = (
				7AF12C0221B2E9AA006EE048 /* LocationCoordinate.swift */,
			);
			path = Map;
			sourceTree = "<group>";
		};
		7A23301621AB4807005BCFD7 /* Helper */ = {
			isa = PBXGroup;
			children = (
				7A23301721AB482B005BCFD7 /* RequestFactoryHelper.swift */,
				7AF12C0621B2F5A1006EE048 /* Mappable.swift */,
			);
			path = Helper;
			sourceTree = "<group>";
		};
		7A316A57219DDE4300EED2E7 = {
			isa = PBXGroup;
			children = (
				7A316A62219DDE4300EED2E7 /* Boxberry */,
				7A316A7A219DDE4500EED2E7 /* BoxberryTests */,
				7A316A61219DDE4300EED2E7 /* Products */,
				7199B8770AAC52439B1B6058 /* Pods */,
				7F094F6A6FA681E82541A00F /* Frameworks */,
			);
			sourceTree = "<group>";
		};
		7A316A61219DDE4300EED2E7 /* Products */ = {
			isa = PBXGroup;
			children = (
				7A316A60219DDE4300EED2E7 /* Boxberry.app */,
				7A316A77219DDE4500EED2E7 /* BoxberryTests.xctest */,
			);
			name = Products;
			sourceTree = "<group>";
		};
		7A316A62219DDE4300EED2E7 /* Boxberry */ = {
			isa = PBXGroup;
			children = (
				7A5DDF2E219DE4A300152F07 /* App */,
				7A5DDF28219DE4A300152F07 /* Core */,
				7A5DDF2B219DE4A300152F07 /* CoreData */,
				7A5DDF2A219DE4A300152F07 /* Environment */,
				7A5DDF2C219DE4A300152F07 /* Flows */,
				7A5DDF27219DE4A300152F07 /* Resources */,
			);
			path = Boxberry;
			sourceTree = "<group>";
		};
		7A316A7A219DDE4500EED2E7 /* BoxberryTests */ = {
			isa = PBXGroup;
			children = (
				7A316A7B219DDE4500EED2E7 /* BoxberryTests.swift */,
				7A316A7D219DDE4500EED2E7 /* Info.plist */,
			);
			path = BoxberryTests;
			sourceTree = "<group>";
		};
		7A3430FA21A1ACD800362CB6 /* Points */ = {
			isa = PBXGroup;
			children = (
				7A3430FB21A1AD4100362CB6 /* Points.storyboard */,
				7A3430FD21A1B0C700362CB6 /* PointsViewController.swift */,
				7A3430FF21A1B23800362CB6 /* PointsViewPresenter.swift */,
				7A36100D21A4727C00909FA4 /* PointsViewBuilder.swift */,
			);
			path = Points;
			sourceTree = "<group>";
		};
		7A34310821A26FA000362CB6 /* Network */ = {
			isa = PBXGroup;
			children = (
				7A34310C21A26FA000362CB6 /* RequestRouter.swift */,
				7A34310D21A26FA000362CB6 /* AbstractRequestManager.swift */,
				7A34310921A26FA000362CB6 /* ResponseCodable.swift */,
				7A7B486221AB1DFD00772370 /* RequestFactory.swift */,
			);
			path = Network;
			sourceTree = "<group>";
		};
		7A34310E21A26FA000362CB6 /* ViewController */ = {
			isa = PBXGroup;
			children = (
				7A34310F21A26FA000362CB6 /* UIScrollViewController.swift */,
				7A34311021A26FA000362CB6 /* UIBaseViewController.swift */,
			);
			path = ViewController;
			sourceTree = "<group>";
		};
		7A36100A21A469F800909FA4 /* Assemblers */ = {
			isa = PBXGroup;
			children = (
				7A36100B21A46A1000909FA4 /* PointsAssembler.swift */,
				7A23301221AB4032005BCFD7 /* NetworkAssembler.swift */,
				7A23301421AB4164005BCFD7 /* EnvironmentAssembler.swift */,
			);
			path = Assemblers;
			sourceTree = "<group>";
		};
		7A5DDF27219DE4A300152F07 /* Resources */ = {
			isa = PBXGroup;
			children = (
				7AA0F4F521B2E46A00DD389C /* current-location.gpx */,
				7A316A6D219DDE4500EED2E7 /* Assets.xcassets */,
				7A316A6F219DDE4500EED2E7 /* LaunchScreen.storyboard */,
				7AFB799621AB392200E48085 /* AppConfig.swift */,
			);
			path = Resources;
			sourceTree = "<group>";
		};
		7A5DDF28219DE4A300152F07 /* Core */ = {
			isa = PBXGroup;
			children = (
				7AEF8FCA21D2934A004359F3 /* Navigation */,
				7A1192E421BE63A4007460E4 /* Map */,
				7AF12C0821B2F5C4006EE048 /* Extensions */,
				7A23301621AB4807005BCFD7 /* Helper */,
				7A7B485F21AB0BD600772370 /* Error */,
				7A34310821A26FA000362CB6 /* Network */,
				7A34310E21A26FA000362CB6 /* ViewController */,
				7A34310521A26FA000362CB6 /* Key.swift */,
				7A34311121A26FA000362CB6 /* ReactiveOperators.swift */,
				7A34310121A1B49000362CB6 /* ViewInput.swift */,
			);
			path = Core;
			sourceTree = "<group>";
		};
		7A5DDF2A219DE4A300152F07 /* Environment */ = {
			isa = PBXGroup;
			children = (
				7A316A72219DDE4500EED2E7 /* Info.plist */,
			);
			path = Environment;
			sourceTree = "<group>";
		};
		7A5DDF2B219DE4A300152F07 /* CoreData */ = {
			isa = PBXGroup;
			children = (
				7A316A6A219DDE4300EED2E7 /* Boxberry.xcdatamodeld */,
			);
			path = CoreData;
			sourceTree = "<group>";
		};
		7A5DDF2C219DE4A300152F07 /* Flows */ = {
			isa = PBXGroup;
			children = (
				7A04F8C321C753C4000CA6CD /* MapViewDelegate.swift */,
				7A04F8C121C752EF000CA6CD /* YMKView.swift */,
				7A3430FA21A1ACD800362CB6 /* Points */,
				7AEF8FCF21D29A40004359F3 /* MainCoordinator.swift */,
			);
			path = Flows;
			sourceTree = "<group>";
		};
		7A5DDF2E219DE4A300152F07 /* App */ = {
			isa = PBXGroup;
			children = (
				7A5DDF2F219DE4A300152F07 /* Assembly */,
				7A5DDF31219DE4A300152F07 /* Business */,
			);
			path = App;
			sourceTree = "<group>";
		};
		7A5DDF2F219DE4A300152F07 /* Assembly */ = {
			isa = PBXGroup;
			children = (
				7A36100A21A469F800909FA4 /* Assemblers */,
				7A36100821A4697D00909FA4 /* AbstractModuleBuilder.swift */,
			);
			path = Assembly;
			sourceTree = "<group>";
		};
		7A5DDF31219DE4A300152F07 /* Business */ = {
			isa = PBXGroup;
			children = (
				7AF12C0121B2E87F006EE048 /* DTO */,
				7A0CEFE721A146CC003C2A32 /* Entities */,
				7A5E364521A8A714009249E0 /* Network */,
				7AC8FEB421A3C393004C48ED /* Services */,
				7AEF8FC921D292DA004359F3 /* Navigation */,
				7A5DDF32219DE4A300152F07 /* AppDelegate */,
			);
			path = Business;
			sourceTree = "<group>";
		};
		7A5DDF32219DE4A300152F07 /* AppDelegate */ = {
			isa = PBXGroup;
			children = (
				7A316A63219DDE4300EED2E7 /* AppDelegate.swift */,
			);
			path = AppDelegate;
			sourceTree = "<group>";
		};
		7A5E364521A8A714009249E0 /* Network */ = {
			isa = PBXGroup;
			children = (
				7A5E364A21A8AC0A009249E0 /* RequestManager.swift */,
				7AF12C1121B54609006EE048 /* AbstractRequestParameter.swift */,
				7AB88B8E21AD813E002A9EA4 /* City */,
				7A5E364C21A8AEBB009249E0 /* Point */,
			);
			path = Network;
			sourceTree = "<group>";
		};
		7A5E364C21A8AEBB009249E0 /* Point */ = {
			isa = PBXGroup;
			children = (
				7A0CEFE821A14797003C2A32 /* Point.swift */,
				7A5E364621A8A740009249E0 /* PointRequestProtocol.swift */,
				7A5E364821A8AB73009249E0 /* PointRequestManager.swift */,
			);
			path = Point;
			sourceTree = "<group>";
		};
		7A7B485F21AB0BD600772370 /* Error */ = {
			isa = PBXGroup;
			children = (
				7A34310A21A26FA000362CB6 /* AbstractErrorParser.swift */,
				7A34310B21A26FA000362CB6 /* ErrorParser.swift */,
			);
			path = Error;
			sourceTree = "<group>";
		};
		7AB88B8E21AD813E002A9EA4 /* City */ = {
			isa = PBXGroup;
			children = (
				7AB88B9121AD8200002A9EA4 /* City.swift */,
				7AB88B8F21AD8171002A9EA4 /* CityRequestProtocol.swift */,
				7AB88B9321AD8384002A9EA4 /* CityRequestManager.swift */,
			);
			path = City;
			sourceTree = "<group>";
		};
		7AC8FEB421A3C393004C48ED /* Services */ = {
			isa = PBXGroup;
			children = (
				7AC8FEB521A3C7A2004C48ED /* Map */,
			);
			path = Services;
			sourceTree = "<group>";
		};
		7AC8FEB521A3C7A2004C48ED /* Map */ = {
			isa = PBXGroup;
			children = (
				7AC8FEB621A3C7F7004C48ED /* Location.swift */,
				7AC8FEB821A3C80F004C48ED /* LocationService.swift */,
				7AF12BFD21B2E697006EE048 /* GeoCodable.swift */,
				7AF12BFB21B2E68C006EE048 /* GeoCoder.swift */,
			);
			path = Map;
			sourceTree = "<group>";
		};
		7AEF8FC921D292DA004359F3 /* Navigation */ = {
			isa = PBXGroup;
			children = (
				7AEF8FCD21D2998E004359F3 /* AppCoordinator.swift */,
			);
			path = Navigation;
			sourceTree = "<group>";
		};
		7AEF8FCA21D2934A004359F3 /* Navigation */ = {
			isa = PBXGroup;
			children = (
				7AEF8FCB21D29365004359F3 /* AbstractCoordinator.swift */,
				7AEF8FD121D29BEA004359F3 /* UIStoryboard.swift */,
			);
			path = Navigation;
			sourceTree = "<group>";
		};
		7AF12C0121B2E87F006EE048 /* DTO */ = {
			isa = PBXGroup;
			children = (
				7AF12BFF21B2E6EA006EE048 /* LocationCoordinateDto.swift */,
			);
			path = DTO;
			sourceTree = "<group>";
		};
		7AF12C0821B2F5C4006EE048 /* Extensions */ = {
			isa = PBXGroup;
			children = (
				7A34310421A26FA000362CB6 /* Extensions.swift */,
				7AF12C0921B2F5DB006EE048 /* MappableExtensions.swift */,
				7A5CE36421B82EC1007B2E55 /* UIExtensions.swift */,
			);
			path = Extensions;
			sourceTree = "<group>";
		};
		7F094F6A6FA681E82541A00F /* Frameworks */ = {
			isa = PBXGroup;
			children = (
				710586EBABBC2011706899A9 /* Pods_Boxberry.framework */,
				79BA988A438AE092CF052180 /* Pods_BoxberryTests.framework */,
			);
			name = Frameworks;
			sourceTree = "<group>";
		};
/* End PBXGroup section */

/* Begin PBXNativeTarget section */
		7A316A5F219DDE4300EED2E7 /* Boxberry */ = {
			isa = PBXNativeTarget;
			buildConfigurationList = 7A316A80219DDE4500EED2E7 /* Build configuration list for PBXNativeTarget "Boxberry" */;
			buildPhases = (
				EA7EADAD0C44B8992D4D97AF /* [CP] Check Pods Manifest.lock */,
				7AFC8D13219DE7F800743970 /* SwiftLint */,
				7A316A5C219DDE4300EED2E7 /* Sources */,
				7A316A5D219DDE4300EED2E7 /* Frameworks */,
				7A316A5E219DDE4300EED2E7 /* Resources */,
				BD9C3F1E21F480B556014594 /* [CP] Embed Pods Frameworks */,
				A4E4B4C06EB2C12A38031187 /* [CP] Copy Pods Resources */,
			);
			buildRules = (
			);
			dependencies = (
			);
			name = Boxberry;
			productName = Boxberry;
			productReference = 7A316A60219DDE4300EED2E7 /* Boxberry.app */;
			productType = "com.apple.product-type.application";
		};
		7A316A76219DDE4500EED2E7 /* BoxberryTests */ = {
			isa = PBXNativeTarget;
			buildConfigurationList = 7A316A83219DDE4500EED2E7 /* Build configuration list for PBXNativeTarget "BoxberryTests" */;
			buildPhases = (
				618D21B751CA096A19F7509A /* [CP] Check Pods Manifest.lock */,
				7A316A73219DDE4500EED2E7 /* Sources */,
				7A316A74219DDE4500EED2E7 /* Frameworks */,
				7A316A75219DDE4500EED2E7 /* Resources */,
			);
			buildRules = (
			);
			dependencies = (
				7A316A79219DDE4500EED2E7 /* PBXTargetDependency */,
			);
			name = BoxberryTests;
			productName = BoxberryTests;
			productReference = 7A316A77219DDE4500EED2E7 /* BoxberryTests.xctest */;
			productType = "com.apple.product-type.bundle.unit-test";
		};
/* End PBXNativeTarget section */

/* Begin PBXProject section */
		7A316A58219DDE4300EED2E7 /* Project object */ = {
			isa = PBXProject;
			attributes = {
				LastSwiftUpdateCheck = 1010;
				LastUpgradeCheck = 1010;
				ORGANIZATIONNAME = "Евгений Бижанов";
				TargetAttributes = {
					7A316A5F219DDE4300EED2E7 = {
						CreatedOnToolsVersion = 10.1;
					};
					7A316A76219DDE4500EED2E7 = {
						CreatedOnToolsVersion = 10.1;
						TestTargetID = 7A316A5F219DDE4300EED2E7;
					};
				};
			};
			buildConfigurationList = 7A316A5B219DDE4300EED2E7 /* Build configuration list for PBXProject "Boxberry" */;
			compatibilityVersion = "Xcode 9.3";
			developmentRegion = en;
			hasScannedForEncodings = 0;
			knownRegions = (
				en,
				Base,
			);
			mainGroup = 7A316A57219DDE4300EED2E7;
			productRefGroup = 7A316A61219DDE4300EED2E7 /* Products */;
			projectDirPath = "";
			projectRoot = "";
			targets = (
				7A316A5F219DDE4300EED2E7 /* Boxberry */,
				7A316A76219DDE4500EED2E7 /* BoxberryTests */,
			);
		};
/* End PBXProject section */

/* Begin PBXResourcesBuildPhase section */
		7A316A5E219DDE4300EED2E7 /* Resources */ = {
			isa = PBXResourcesBuildPhase;
			buildActionMask = 2147483647;
			files = (
				7A316A71219DDE4500EED2E7 /* LaunchScreen.storyboard in Resources */,
				7A316A6E219DDE4500EED2E7 /* Assets.xcassets in Resources */,
				7A3430FC21A1AD4100362CB6 /* Points.storyboard in Resources */,
			);
			runOnlyForDeploymentPostprocessing = 0;
		};
		7A316A75219DDE4500EED2E7 /* Resources */ = {
			isa = PBXResourcesBuildPhase;
			buildActionMask = 2147483647;
			files = (
			);
			runOnlyForDeploymentPostprocessing = 0;
		};
/* End PBXResourcesBuildPhase section */

/* Begin PBXShellScriptBuildPhase section */
		618D21B751CA096A19F7509A /* [CP] Check Pods Manifest.lock */ = {
			isa = PBXShellScriptBuildPhase;
			buildActionMask = 2147483647;
			files = (
			);
			inputFileListPaths = (
			);
			inputPaths = (
				"${PODS_PODFILE_DIR_PATH}/Podfile.lock",
				"${PODS_ROOT}/Manifest.lock",
			);
			name = "[CP] Check Pods Manifest.lock";
			outputFileListPaths = (
			);
			outputPaths = (
				"$(DERIVED_FILE_DIR)/Pods-BoxberryTests-checkManifestLockResult.txt",
			);
			runOnlyForDeploymentPostprocessing = 0;
			shellPath = /bin/sh;
			shellScript = "diff \"${PODS_PODFILE_DIR_PATH}/Podfile.lock\" \"${PODS_ROOT}/Manifest.lock\" > /dev/null\nif [ $? != 0 ] ; then\n    # print error to STDERR\n    echo \"error: The sandbox is not in sync with the Podfile.lock. Run 'pod install' or update your CocoaPods installation.\" >&2\n    exit 1\nfi\n# This output is used by Xcode 'outputs' to avoid re-running this script phase.\necho \"SUCCESS\" > \"${SCRIPT_OUTPUT_FILE_0}\"\n";
			showEnvVarsInLog = 0;
		};
		7AFC8D13219DE7F800743970 /* SwiftLint */ = {
			isa = PBXShellScriptBuildPhase;
			buildActionMask = 2147483647;
			files = (
			);
			inputFileListPaths = (
			);
			inputPaths = (
			);
			name = SwiftLint;
			outputFileListPaths = (
			);
			outputPaths = (
			);
			runOnlyForDeploymentPostprocessing = 0;
			shellPath = /bin/sh;
			shellScript = "\"${PODS_ROOT}/SwiftLint/swiftlint\"\n";
		};
		A4E4B4C06EB2C12A38031187 /* [CP] Copy Pods Resources */ = {
			isa = PBXShellScriptBuildPhase;
			buildActionMask = 2147483647;
			files = (
			);
			inputFileListPaths = (
			);
			inputPaths = (
				"${SRCROOT}/Pods/Target Support Files/Pods-Boxberry/Pods-Boxberry-resources.sh",
				"${PODS_ROOT}/YandexMapKit/YandexMapKit.framework/Versions/A/Resources/YandexMapKit.bundle",
				"${PODS_ROOT}/YandexRuntime/YandexRuntime.framework/Versions/A/Resources/YandexRuntime.bundle",
			);
			name = "[CP] Copy Pods Resources";
			outputFileListPaths = (
			);
			outputPaths = (
				"${TARGET_BUILD_DIR}/${UNLOCALIZED_RESOURCES_FOLDER_PATH}/YandexMapKit.bundle",
				"${TARGET_BUILD_DIR}/${UNLOCALIZED_RESOURCES_FOLDER_PATH}/YandexRuntime.bundle",
			);
			runOnlyForDeploymentPostprocessing = 0;
			shellPath = /bin/sh;
			shellScript = "\"${SRCROOT}/Pods/Target Support Files/Pods-Boxberry/Pods-Boxberry-resources.sh\"\n";
			showEnvVarsInLog = 0;
		};
		BD9C3F1E21F480B556014594 /* [CP] Embed Pods Frameworks */ = {
			isa = PBXShellScriptBuildPhase;
			buildActionMask = 2147483647;
			files = (
			);
			inputFileListPaths = (
			);
			inputPaths = (
				"${SRCROOT}/Pods/Target Support Files/Pods-Boxberry/Pods-Boxberry-frameworks.sh",
				"${BUILT_PRODUCTS_DIR}/Alamofire/Alamofire.framework",
				"${BUILT_PRODUCTS_DIR}/Bond/Bond.framework",
				"${BUILT_PRODUCTS_DIR}/Differ/Differ.framework",
				"${BUILT_PRODUCTS_DIR}/ReactiveKit/ReactiveKit.framework",
				"${BUILT_PRODUCTS_DIR}/Swinject/Swinject.framework",
			);
			name = "[CP] Embed Pods Frameworks";
			outputFileListPaths = (
			);
			outputPaths = (
				"${TARGET_BUILD_DIR}/${FRAMEWORKS_FOLDER_PATH}/Alamofire.framework",
				"${TARGET_BUILD_DIR}/${FRAMEWORKS_FOLDER_PATH}/Bond.framework",
				"${TARGET_BUILD_DIR}/${FRAMEWORKS_FOLDER_PATH}/Differ.framework",
				"${TARGET_BUILD_DIR}/${FRAMEWORKS_FOLDER_PATH}/ReactiveKit.framework",
				"${TARGET_BUILD_DIR}/${FRAMEWORKS_FOLDER_PATH}/Swinject.framework",
			);
			runOnlyForDeploymentPostprocessing = 0;
			shellPath = /bin/sh;
			shellScript = "\"${SRCROOT}/Pods/Target Support Files/Pods-Boxberry/Pods-Boxberry-frameworks.sh\"\n";
			showEnvVarsInLog = 0;
		};
		EA7EADAD0C44B8992D4D97AF /* [CP] Check Pods Manifest.lock */ = {
			isa = PBXShellScriptBuildPhase;
			buildActionMask = 2147483647;
			files = (
			);
			inputFileListPaths = (
			);
			inputPaths = (
				"${PODS_PODFILE_DIR_PATH}/Podfile.lock",
				"${PODS_ROOT}/Manifest.lock",
			);
			name = "[CP] Check Pods Manifest.lock";
			outputFileListPaths = (
			);
			outputPaths = (
				"$(DERIVED_FILE_DIR)/Pods-Boxberry-checkManifestLockResult.txt",
			);
			runOnlyForDeploymentPostprocessing = 0;
			shellPath = /bin/sh;
			shellScript = "diff \"${PODS_PODFILE_DIR_PATH}/Podfile.lock\" \"${PODS_ROOT}/Manifest.lock\" > /dev/null\nif [ $? != 0 ] ; then\n    # print error to STDERR\n    echo \"error: The sandbox is not in sync with the Podfile.lock. Run 'pod install' or update your CocoaPods installation.\" >&2\n    exit 1\nfi\n# This output is used by Xcode 'outputs' to avoid re-running this script phase.\necho \"SUCCESS\" > \"${SCRIPT_OUTPUT_FILE_0}\"\n";
			showEnvVarsInLog = 0;
		};
/* End PBXShellScriptBuildPhase section */

/* Begin PBXSourcesBuildPhase section */
		7A316A5C219DDE4300EED2E7 /* Sources */ = {
			isa = PBXSourcesBuildPhase;
			buildActionMask = 2147483647;
			files = (
				7A316A6C219DDE4300EED2E7 /* Boxberry.xcdatamodeld in Sources */,
				7A23301821AB482B005BCFD7 /* RequestFactoryHelper.swift in Sources */,
				7A34311721A26FA100362CB6 /* ResponseCodable.swift in Sources */,
				7A5CE36521B82EC1007B2E55 /* UIExtensions.swift in Sources */,
				7A34311821A26FA100362CB6 /* AbstractErrorParser.swift in Sources */,
				7A04F8C221C752EF000CA6CD /* YMKView.swift in Sources */,
				7A5E364B21A8AC0A009249E0 /* RequestManager.swift in Sources */,
				7A34311421A26FA100362CB6 /* Key.swift in Sources */,
				7A3430FE21A1B0C700362CB6 /* PointsViewController.swift in Sources */,
				7A36100921A4697D00909FA4 /* AbstractModuleBuilder.swift in Sources */,
				7A5E364921A8AB73009249E0 /* PointRequestManager.swift in Sources */,
				7A23301521AB4164005BCFD7 /* EnvironmentAssembler.swift in Sources */,
				7AEF8FCC21D29365004359F3 /* AbstractCoordinator.swift in Sources */,
				7AEF8FD221D29BEA004359F3 /* UIStoryboard.swift in Sources */,
				7AF12C0021B2E6EA006EE048 /* LocationCoordinateDto.swift in Sources */,
				7AC8FEB721A3C7F7004C48ED /* Location.swift in Sources */,
				7A34311321A26FA100362CB6 /* Extensions.swift in Sources */,
				7A34311E21A26FA100362CB6 /* ReactiveOperators.swift in Sources */,
				7A34310021A1B23800362CB6 /* PointsViewPresenter.swift in Sources */,
				7A34311C21A26FA100362CB6 /* UIScrollViewController.swift in Sources */,
				7AF12C0321B2E9AA006EE048 /* LocationCoordinate.swift in Sources */,
				7AF12BFE21B2E697006EE048 /* GeoCodable.swift in Sources */,
				7A36100C21A46A1000909FA4 /* PointsAssembler.swift in Sources */,
				7AF12C0A21B2F5DB006EE048 /* MappableExtensions.swift in Sources */,
				7AB88B9421AD8384002A9EA4 /* CityRequestManager.swift in Sources */,
				7AF12BFC21B2E68C006EE048 /* GeoCoder.swift in Sources */,
				7A5CE36721B837FD007B2E55 /* ViewPoint.swift in Sources */,
				7A34310221A1B49000362CB6 /* ViewInput.swift in Sources */,
				7A23301321AB4032005BCFD7 /* NetworkAssembler.swift in Sources */,
				7A36100E21A4727C00909FA4 /* PointsViewBuilder.swift in Sources */,
				7A7B486321AB1DFD00772370 /* RequestFactory.swift in Sources */,
				7AF12C0721B2F5A1006EE048 /* Mappable.swift in Sources */,
				7AEF8FD021D29A40004359F3 /* MainCoordinator.swift in Sources */,
				7A34311A21A26FA100362CB6 /* RequestRouter.swift in Sources */,
				7A34311D21A26FA100362CB6 /* UIBaseViewController.swift in Sources */,
				7AB88B9221AD8200002A9EA4 /* City.swift in Sources */,
				7AB88B9021AD8171002A9EA4 /* CityRequestProtocol.swift in Sources */,
				7A34311921A26FA100362CB6 /* ErrorParser.swift in Sources */,
				7A316A64219DDE4300EED2E7 /* AppDelegate.swift in Sources */,
				7A0CEFE921A14797003C2A32 /* Point.swift in Sources */,
				7A5E364721A8A740009249E0 /* PointRequestProtocol.swift in Sources */,
				7AFB799721AB392200E48085 /* AppConfig.swift in Sources */,
				7A04F8C421C753C4000CA6CD /* MapViewDelegate.swift in Sources */,
				7AC8FEB921A3C80F004C48ED /* LocationService.swift in Sources */,
				7AEF8FCE21D2998E004359F3 /* AppCoordinator.swift in Sources */,
				7AF12C1221B54609006EE048 /* AbstractRequestParameter.swift in Sources */,
				7A34311B21A26FA100362CB6 /* AbstractRequestManager.swift in Sources */,
			);
			runOnlyForDeploymentPostprocessing = 0;
		};
		7A316A73219DDE4500EED2E7 /* Sources */ = {
			isa = PBXSourcesBuildPhase;
			buildActionMask = 2147483647;
			files = (
				7A316A7C219DDE4500EED2E7 /* BoxberryTests.swift in Sources */,
			);
			runOnlyForDeploymentPostprocessing = 0;
		};
/* End PBXSourcesBuildPhase section */

/* Begin PBXTargetDependency section */
		7A316A79219DDE4500EED2E7 /* PBXTargetDependency */ = {
			isa = PBXTargetDependency;
			target = 7A316A5F219DDE4300EED2E7 /* Boxberry */;
			targetProxy = 7A316A78219DDE4500EED2E7 /* PBXContainerItemProxy */;
		};
/* End PBXTargetDependency section */

/* Begin PBXVariantGroup section */
		7A316A6F219DDE4500EED2E7 /* LaunchScreen.storyboard */ = {
			isa = PBXVariantGroup;
			children = (
				7A316A70219DDE4500EED2E7 /* Base */,
			);
			name = LaunchScreen.storyboard;
			sourceTree = "<group>";
		};
/* End PBXVariantGroup section */

/* Begin XCBuildConfiguration section */
		7A316A7E219DDE4500EED2E7 /* Debug */ = {
			isa = XCBuildConfiguration;
			buildSettings = {
				ALWAYS_SEARCH_USER_PATHS = NO;
				CLANG_ANALYZER_NONNULL = YES;
				CLANG_ANALYZER_NUMBER_OBJECT_CONVERSION = YES_AGGRESSIVE;
				CLANG_CXX_LANGUAGE_STANDARD = "gnu++14";
				CLANG_CXX_LIBRARY = "libc++";
				CLANG_ENABLE_MODULES = YES;
				CLANG_ENABLE_OBJC_ARC = YES;
				CLANG_ENABLE_OBJC_WEAK = YES;
				CLANG_WARN_BLOCK_CAPTURE_AUTORELEASING = YES;
				CLANG_WARN_BOOL_CONVERSION = YES;
				CLANG_WARN_COMMA = YES;
				CLANG_WARN_CONSTANT_CONVERSION = YES;
				CLANG_WARN_DEPRECATED_OBJC_IMPLEMENTATIONS = YES;
				CLANG_WARN_DIRECT_OBJC_ISA_USAGE = YES_ERROR;
				CLANG_WARN_DOCUMENTATION_COMMENTS = YES;
				CLANG_WARN_EMPTY_BODY = YES;
				CLANG_WARN_ENUM_CONVERSION = YES;
				CLANG_WARN_INFINITE_RECURSION = YES;
				CLANG_WARN_INT_CONVERSION = YES;
				CLANG_WARN_NON_LITERAL_NULL_CONVERSION = YES;
				CLANG_WARN_OBJC_IMPLICIT_RETAIN_SELF = YES;
				CLANG_WARN_OBJC_LITERAL_CONVERSION = YES;
				CLANG_WARN_OBJC_ROOT_CLASS = YES_ERROR;
				CLANG_WARN_RANGE_LOOP_ANALYSIS = YES;
				CLANG_WARN_STRICT_PROTOTYPES = YES;
				CLANG_WARN_SUSPICIOUS_MOVE = YES;
				CLANG_WARN_UNGUARDED_AVAILABILITY = YES_AGGRESSIVE;
				CLANG_WARN_UNREACHABLE_CODE = YES;
				CLANG_WARN__DUPLICATE_METHOD_MATCH = YES;
				CODE_SIGN_IDENTITY = "iPhone Developer";
				COPY_PHASE_STRIP = NO;
				DEBUG_INFORMATION_FORMAT = dwarf;
				ENABLE_STRICT_OBJC_MSGSEND = YES;
				ENABLE_TESTABILITY = YES;
				GCC_C_LANGUAGE_STANDARD = gnu11;
				GCC_DYNAMIC_NO_PIC = NO;
				GCC_NO_COMMON_BLOCKS = YES;
				GCC_OPTIMIZATION_LEVEL = 0;
				GCC_PREPROCESSOR_DEFINITIONS = (
					"DEBUG=1",
					"$(inherited)",
				);
				GCC_WARN_64_TO_32_BIT_CONVERSION = YES;
				GCC_WARN_ABOUT_RETURN_TYPE = YES_ERROR;
				GCC_WARN_UNDECLARED_SELECTOR = YES;
				GCC_WARN_UNINITIALIZED_AUTOS = YES_AGGRESSIVE;
				GCC_WARN_UNUSED_FUNCTION = YES;
				GCC_WARN_UNUSED_VARIABLE = YES;
				IPHONEOS_DEPLOYMENT_TARGET = 12.1;
				MTL_ENABLE_DEBUG_INFO = INCLUDE_SOURCE;
				MTL_FAST_MATH = YES;
				ONLY_ACTIVE_ARCH = YES;
				SDKROOT = iphoneos;
				SWIFT_ACTIVE_COMPILATION_CONDITIONS = DEBUG;
				SWIFT_OPTIMIZATION_LEVEL = "-Onone";
			};
			name = Debug;
		};
		7A316A7F219DDE4500EED2E7 /* Release */ = {
			isa = XCBuildConfiguration;
			buildSettings = {
				ALWAYS_SEARCH_USER_PATHS = NO;
				CLANG_ANALYZER_NONNULL = YES;
				CLANG_ANALYZER_NUMBER_OBJECT_CONVERSION = YES_AGGRESSIVE;
				CLANG_CXX_LANGUAGE_STANDARD = "gnu++14";
				CLANG_CXX_LIBRARY = "libc++";
				CLANG_ENABLE_MODULES = YES;
				CLANG_ENABLE_OBJC_ARC = YES;
				CLANG_ENABLE_OBJC_WEAK = YES;
				CLANG_WARN_BLOCK_CAPTURE_AUTORELEASING = YES;
				CLANG_WARN_BOOL_CONVERSION = YES;
				CLANG_WARN_COMMA = YES;
				CLANG_WARN_CONSTANT_CONVERSION = YES;
				CLANG_WARN_DEPRECATED_OBJC_IMPLEMENTATIONS = YES;
				CLANG_WARN_DIRECT_OBJC_ISA_USAGE = YES_ERROR;
				CLANG_WARN_DOCUMENTATION_COMMENTS = YES;
				CLANG_WARN_EMPTY_BODY = YES;
				CLANG_WARN_ENUM_CONVERSION = YES;
				CLANG_WARN_INFINITE_RECURSION = YES;
				CLANG_WARN_INT_CONVERSION = YES;
				CLANG_WARN_NON_LITERAL_NULL_CONVERSION = YES;
				CLANG_WARN_OBJC_IMPLICIT_RETAIN_SELF = YES;
				CLANG_WARN_OBJC_LITERAL_CONVERSION = YES;
				CLANG_WARN_OBJC_ROOT_CLASS = YES_ERROR;
				CLANG_WARN_RANGE_LOOP_ANALYSIS = YES;
				CLANG_WARN_STRICT_PROTOTYPES = YES;
				CLANG_WARN_SUSPICIOUS_MOVE = YES;
				CLANG_WARN_UNGUARDED_AVAILABILITY = YES_AGGRESSIVE;
				CLANG_WARN_UNREACHABLE_CODE = YES;
				CLANG_WARN__DUPLICATE_METHOD_MATCH = YES;
				CODE_SIGN_IDENTITY = "iPhone Developer";
				COPY_PHASE_STRIP = NO;
				DEBUG_INFORMATION_FORMAT = "dwarf-with-dsym";
				ENABLE_NS_ASSERTIONS = NO;
				ENABLE_STRICT_OBJC_MSGSEND = YES;
				GCC_C_LANGUAGE_STANDARD = gnu11;
				GCC_NO_COMMON_BLOCKS = YES;
				GCC_WARN_64_TO_32_BIT_CONVERSION = YES;
				GCC_WARN_ABOUT_RETURN_TYPE = YES_ERROR;
				GCC_WARN_UNDECLARED_SELECTOR = YES;
				GCC_WARN_UNINITIALIZED_AUTOS = YES_AGGRESSIVE;
				GCC_WARN_UNUSED_FUNCTION = YES;
				GCC_WARN_UNUSED_VARIABLE = YES;
				IPHONEOS_DEPLOYMENT_TARGET = 12.1;
				MTL_ENABLE_DEBUG_INFO = NO;
				MTL_FAST_MATH = YES;
				SDKROOT = iphoneos;
				SWIFT_COMPILATION_MODE = wholemodule;
				SWIFT_OPTIMIZATION_LEVEL = "-O";
				VALIDATE_PRODUCT = YES;
			};
			name = Release;
		};
		7A316A81219DDE4500EED2E7 /* Debug */ = {
			isa = XCBuildConfiguration;
			baseConfigurationReference = 75C8E550A28ED86192D3CC37 /* Pods-Boxberry.debug.xcconfig */;
			buildSettings = {
				ASSETCATALOG_COMPILER_APPICON_NAME = AppIcon;
				CODE_SIGN_STYLE = Automatic;
				DEVELOPMENT_TEAM = 6TZ3MZ977X;
				INFOPLIST_FILE = Boxberry/Environment/Info.plist;
				LD_RUNPATH_SEARCH_PATHS = (
					"$(inherited)",
					"@executable_path/Frameworks",
				);
				PRODUCT_BUNDLE_IDENTIFIER = com.bizhanov.Boxberry;
				PRODUCT_NAME = "$(TARGET_NAME)";
				SWIFT_VERSION = 4.2;
				TARGETED_DEVICE_FAMILY = "1,2";
			};
			name = Debug;
		};
		7A316A82219DDE4500EED2E7 /* Release */ = {
			isa = XCBuildConfiguration;
			baseConfigurationReference = 84968CD9E8E35DB524BCDD78 /* Pods-Boxberry.release.xcconfig */;
			buildSettings = {
				ASSETCATALOG_COMPILER_APPICON_NAME = AppIcon;
				CODE_SIGN_STYLE = Automatic;
				DEVELOPMENT_TEAM = 6TZ3MZ977X;
				INFOPLIST_FILE = Boxberry/Environment/Info.plist;
				LD_RUNPATH_SEARCH_PATHS = (
					"$(inherited)",
					"@executable_path/Frameworks",
				);
				PRODUCT_BUNDLE_IDENTIFIER = com.bizhanov.Boxberry;
				PRODUCT_NAME = "$(TARGET_NAME)";
				SWIFT_VERSION = 4.2;
				TARGETED_DEVICE_FAMILY = "1,2";
			};
			name = Release;
		};
		7A316A84219DDE4500EED2E7 /* Debug */ = {
			isa = XCBuildConfiguration;
			baseConfigurationReference = 7E1CCA57F6AC8DB520570953 /* Pods-BoxberryTests.debug.xcconfig */;
			buildSettings = {
				ALWAYS_EMBED_SWIFT_STANDARD_LIBRARIES = YES;
				BUNDLE_LOADER = "$(TEST_HOST)";
				CODE_SIGN_STYLE = Automatic;
				DEVELOPMENT_TEAM = 6TZ3MZ977X;
				INFOPLIST_FILE = BoxberryTests/Info.plist;
				LD_RUNPATH_SEARCH_PATHS = (
					"$(inherited)",
					"@executable_path/Frameworks",
					"@loader_path/Frameworks",
				);
				PRODUCT_BUNDLE_IDENTIFIER = com.bizhanov.BoxberryTests;
				PRODUCT_NAME = "$(TARGET_NAME)";
				SWIFT_VERSION = 4.2;
				TARGETED_DEVICE_FAMILY = "1,2";
				TEST_HOST = "$(BUILT_PRODUCTS_DIR)/Boxberry.app/Boxberry";
			};
			name = Debug;
		};
		7A316A85219DDE4500EED2E7 /* Release */ = {
			isa = XCBuildConfiguration;
			baseConfigurationReference = 983D1FBD6C3FC2C02D6AE8A5 /* Pods-BoxberryTests.release.xcconfig */;
			buildSettings = {
				ALWAYS_EMBED_SWIFT_STANDARD_LIBRARIES = YES;
				BUNDLE_LOADER = "$(TEST_HOST)";
				CODE_SIGN_STYLE = Automatic;
				DEVELOPMENT_TEAM = 6TZ3MZ977X;
				INFOPLIST_FILE = BoxberryTests/Info.plist;
				LD_RUNPATH_SEARCH_PATHS = (
					"$(inherited)",
					"@executable_path/Frameworks",
					"@loader_path/Frameworks",
				);
				PRODUCT_BUNDLE_IDENTIFIER = com.bizhanov.BoxberryTests;
				PRODUCT_NAME = "$(TARGET_NAME)";
				SWIFT_VERSION = 4.2;
				TARGETED_DEVICE_FAMILY = "1,2";
				TEST_HOST = "$(BUILT_PRODUCTS_DIR)/Boxberry.app/Boxberry";
			};
			name = Release;
		};
/* End XCBuildConfiguration section */

/* Begin XCConfigurationList section */
		7A316A5B219DDE4300EED2E7 /* Build configuration list for PBXProject "Boxberry" */ = {
			isa = XCConfigurationList;
			buildConfigurations = (
				7A316A7E219DDE4500EED2E7 /* Debug */,
				7A316A7F219DDE4500EED2E7 /* Release */,
			);
			defaultConfigurationIsVisible = 0;
			defaultConfigurationName = Release;
		};
		7A316A80219DDE4500EED2E7 /* Build configuration list for PBXNativeTarget "Boxberry" */ = {
			isa = XCConfigurationList;
			buildConfigurations = (
				7A316A81219DDE4500EED2E7 /* Debug */,
				7A316A82219DDE4500EED2E7 /* Release */,
			);
			defaultConfigurationIsVisible = 0;
			defaultConfigurationName = Release;
		};
		7A316A83219DDE4500EED2E7 /* Build configuration list for PBXNativeTarget "BoxberryTests" */ = {
			isa = XCConfigurationList;
			buildConfigurations = (
				7A316A84219DDE4500EED2E7 /* Debug */,
				7A316A85219DDE4500EED2E7 /* Release */,
			);
			defaultConfigurationIsVisible = 0;
			defaultConfigurationName = Release;
		};
/* End XCConfigurationList section */

/* Begin XCVersionGroup section */
		7A316A6A219DDE4300EED2E7 /* Boxberry.xcdatamodeld */ = {
			isa = XCVersionGroup;
			children = (
				7A316A6B219DDE4300EED2E7 /* Boxberry.xcdatamodel */,
			);
			currentVersion = 7A316A6B219DDE4300EED2E7 /* Boxberry.xcdatamodel */;
			path = Boxberry.xcdatamodeld;
			sourceTree = "<group>";
			versionGroupType = wrapper.xcdatamodel;
		};
/* End XCVersionGroup section */
	};
	rootObject = 7A316A58219DDE4300EED2E7 /* Project object */;
}
